
Microsoft Visual Studio Solution File, Format Version 12.00
# SQL Server Management Studio Version 21
VisualStudioVersion = 17.14.36603.0
MinimumVisualStudioVersion = 10.0.40219.1
Project("{2150E333-8FDC-42A3-9474-1A3956D46DE8}") = "01_Database", "01_Database", "{02EA681E-C7D8-13C7-8484-4AC65E1B71E8}"
	ProjectSection(SolutionItems) = preProject
		scripts\01_Database\01_01_GestionParquesNacionales_DB_SCHEMAS.sql = scripts\01_Database\01_01_GestionParquesNacionales_DB_SCHEMAS.sql
	EndProjectSection
EndProject
Project("{2150E333-8FDC-42A3-9474-1A3956D46DE8}") = "02_Tables", "02_Tables", "{D7B7CA33-804B-4BBB-8979-D873D1801ADB}"
	ProjectSection(SolutionItems) = preProject
		scripts\02_Tables\02_01_Tablas_Gestion.sql = scripts\02_Tables\02_01_Tablas_Gestion.sql
		scripts\02_Tables\02_02_Tablas_Concesiones.sql = scripts\02_Tables\02_02_Tablas_Concesiones.sql
		scripts\02_Tables\02_03_Tablas_Personal.sql = scripts\02_Tables\02_03_Tablas_Personal.sql
		scripts\02_Tables\02_04_Tablas_Actividades.sql = scripts\02_Tables\02_04_Tablas_Actividades.sql
		scripts\02_Tables\02_05_Tablas_Ventas.sql = scripts\02_Tables\02_05_Tablas_Ventas.sql
		scripts\02_Tables\02_06_Tablas_Importacion.sql = scripts\02_Tables\02_06_Tablas_Importacion.sql
	EndProjectSection
EndProject
Project("{2150E333-8FDC-42A3-9474-1A3956D46DE8}") = "03_SP_ABM", "03_SP_ABM", "{FE8E1AE4-8FC7-4BB4-9227-947F280B88C7}"
	ProjectSection(SolutionItems) = preProject
		scripts\03_SP_ABM\03_01_SP_Gestion.sql = scripts\03_SP_ABM\03_01_SP_Gestion.sql
		scripts\03_SP_ABM\03_02_SP_Concesiones.sql = scripts\03_SP_ABM\03_02_SP_Concesiones.sql
		scripts\03_SP_ABM\03_03_SP_Personal.sql = scripts\03_SP_ABM\03_03_SP_Personal.sql
		scripts\03_SP_ABM\03_04_SP_Actividades.sql = scripts\03_SP_ABM\03_04_SP_Actividades.sql
		scripts\03_SP_ABM\03_05_SP_Ventas.sql = scripts\03_SP_ABM\03_05_SP_Ventas.sql
	EndProjectSection
EndProject
Project("{2150E333-8FDC-42A3-9474-1A3956D46DE8}") = "04_SP_Negocio", "04_SP_Negocio", "{369CB01D-A1A7-72D2-AABC-3F0945D148A2}"
	ProjectSection(SolutionItems) = preProject
		scripts\04_SP_Negocio\04_01_SP_Negocio_Gestion.sql = scripts\04_SP_Negocio\04_01_SP_Negocio_Gestion.sql
		scripts\04_SP_Negocio\04_02_SP_Negocio_Concesiones.sql = scripts\04_SP_Negocio\04_02_SP_Negocio_Concesiones.sql
		scripts\04_SP_Negocio\04_03_SP_Negocio_Actividades.sql = scripts\04_SP_Negocio\04_03_SP_Negocio_Actividades.sql
		scripts\04_SP_Negocio\04_04_SP_Negocio_Ventas.sql = scripts\04_SP_Negocio\04_04_SP_Negocio_Ventas.sql
		scripts\04_SP_Negocio\04_05_SP_Negocio_Importacion.sql = scripts\04_SP_Negocio\04_05_SP_Negocio_Importacion.sql
	EndProjectSection
EndProject
Project("{2150E333-8FDC-42A3-9474-1A3956D46DE8}") = "05_Testing", "05_Testing", "{7DC331D0-3EC4-40A6-69FB-1CBEB2E0D1EA}"
	ProjectSection(SolutionItems) = preProject
		scripts\05_Testing\05_01_Testing_Gestion.sql = scripts\05_Testing\05_01_Testing_Gestion.sql
		scripts\05_Testing\05_02_Testing_Concesiones.sql = scripts\05_Testing\05_02_Testing_Concesiones.sql
		scripts\05_Testing\05_03_Testing_Personal.sql = scripts\05_Testing\05_03_Testing_Personal.sql
		scripts\05_Testing\05_04_Testing_Actividades.sql = scripts\05_Testing\05_04_Testing_Actividades.sql
		scripts\05_Testing\05_05_Testing_Ventas.sql = scripts\05_Testing\05_05_Testing_Ventas.sql
		scripts\05_Testing\05_06_Testing_Negocio_Gestion.sql = scripts\05_Testing\05_06_Testing_Negocio_Gestion.sql
		scripts\05_Testing\05_07_Testing_Negocio_Concesiones.sql = scripts\05_Testing\05_07_Testing_Negocio_Concesiones.sql
		scripts\05_Testing\05_08_Testing_Negocio_Importacion.sql = scripts\05_Testing\05_08_Testing_Negocio_Importacion.sql
		scripts\05_Testing\05_09_Testing_Reportes_GestionConcesiones.sql = scripts\05_Testing\05_09_Testing_Reportes_GestionConcesiones.sql
	EndProjectSection
EndProject
Project("{2150E333-8FDC-42A3-9474-1A3956D46DE8}") = "06_Seed", "06_Seed", "{643747C7-0307-8931-84D8-A7D1915E22E5}"
	ProjectSection(SolutionItems) = preProject
		scripts\06_Seed\06_01_Script_Importacion.sql = scripts\06_Seed\06_01_Script_Importacion.sql
		scripts\06_Seed\06_02_Seed_Gestion_Concesiones.sql = scripts\06_Seed\06_02_Seed_Gestion_Concesiones.sql
		scripts\06_Seed\06_03_Seed_Personal.sql = scripts\06_Seed\06_03_Seed_Personal.sql
		scripts\06_Seed\06_04_Seed_Actividades.sql = scripts\06_Seed\06_04_Seed_Actividades.sql
		scripts\06_Seed\06_05_Seed_Ventas_Visitantes.sql = scripts\06_Seed\06_05_Seed_Ventas_Visitantes.sql
		scripts\06_Seed\06_06_Seed_Ventas_Entradas_Actividades.sql = scripts\06_Seed\06_06_Seed_Ventas_Entradas_Actividades.sql
	EndProjectSection
EndProject
Project("{2150E333-8FDC-42A3-9474-1A3956D46DE8}") = "07_Reportes", "07_Reportes", "{5835D766-9847-1D08-5E95-5A99FD0F495D}"
	ProjectSection(SolutionItems) = preProject
		scripts\07_Reportes\07_01_SP_Reportes_GestionConcesiones.sql = scripts\07_Reportes\07_01_SP_Reportes_GestionConcesiones.sql
		scripts\07_Reportes\07_02_SP_Reportes_VisitasParques.sql = scripts\07_Reportes\07_02_SP_Reportes_VisitasParques.sql
	EndProjectSection
EndProject
Project("{2150E333-8FDC-42A3-9474-1A3956D46DE8}") = "08_Seguridad", "08_Seguridad", "{407CAF19-D506-2637-4B8A-F4DE78C81282}"
	ProjectSection(SolutionItems) = preProject
		scripts\08_Seguridad\08_01_Script_Cifrado_Datos.sql = scripts\08_Seguridad\08_01_Script_Cifrado_Datos.sql
		scripts\08_Seguridad\08_02_Script_Roles_Seguridad.sql = scripts\08_Seguridad\08_02_Script_Roles_Seguridad.sql
	EndProjectSection
EndProject
Global
	GlobalSection(SolutionConfigurationPlatforms) = preSolution
		Default|Default = Default|Default
	EndGlobalSection
	GlobalSection(ProjectConfigurationPlatforms) = postSolution
		{CB636E46-E36E-487A-9C13-DA16CEA39114}.Default|Default.ActiveCfg = Default
	EndGlobalSection
	GlobalSection(SolutionProperties) = preSolution
		HideSolutionNode = FALSE
	EndGlobalSection
	GlobalSection(ExtensibilityGlobals) = postSolution
		SolutionGuid = {379FB812-D887-48A2-8552-4A36F84F084A}
	EndGlobalSection
EndGlobal
